
Microsoft Visual Studio Solution File, Format Version 12.00
# Visual Studio 15
Project("{FAE04EC0-301F-11D3-BF4B-00C04F79EFBC}") = "Trash Dash", "Trash Dash.csproj", "{99D8A8C3-F8E1-A1CD-6D0B-56866ED5C45A}"
EndProject
Project("{FAE04EC0-301F-11D3-BF4B-00C04F79EFBC}") = "Trash Dash.Editor", "Trash Dash.Editor.csproj", "{982DB389-C054-20BE-174C-9D2E873F88A5}"
EndProject
Global
	GlobalSection(SolutionConfigurationPlatforms) = preSolution
		Debug|Any CPU = Debug|Any CPU
		Release|Any CPU = Release|Any CPU
	EndGlobalSection
	GlobalSection(ProjectConfigurationPlatforms) = postSolution
		{99D8A8C3-F8E1-A1CD-6D0B-56866ED5C45A}.Debug|Any CPU.ActiveCfg = Debug|Any CPU
		{99D8A8C3-F8E1-A1CD-6D0B-56866ED5C45A}.Debug|Any CPU.Build.0 = Debug|Any CPU
		{99D8A8C3-F8E1-A1CD-6D0B-56866ED5C45A}.Release|Any CPU.ActiveCfg = Release|Any CPU
		{99D8A8C3-F8E1-A1CD-6D0B-56866ED5C45A}.Release|Any CPU.Build.0 = Release|Any CPU
		{982DB389-C054-20BE-174C-9D2E873F88A5}.Debug|Any CPU.ActiveCfg = Debug|Any CPU
		{982DB389-C054-20BE-174C-9D2E873F88A5}.Debug|Any CPU.Build.0 = Debug|Any CPU
		{982DB389-C054-20BE-174C-9D2E873F88A5}.Release|Any CPU.ActiveCfg = Release|Any CPU
		{982DB389-C054-20BE-174C-9D2E873F88A5}.Release|Any CPU.Build.0 = Release|Any CPU
	EndGlobalSection
	GlobalSection(SolutionProperties) = preSolution
		HideSolutionNode = FALSE
	EndGlobalSection
EndGlobal
